
Microsoft Visual Studio Solution File, Format Version 12.00
# Visual Studio 15
VisualStudioVersion = 15.0.27703.2026
MinimumVisualStudioVersion = 10.0.40219.1
Project("{9A19103F-16F7-4668-BE54-9A1E7A4F7556}") = "DriveCentric.BusinessLogic", "Business\BusinessLogic\DriveCentric.BusinessLogic.csproj", "{AA686D30-FE8B-467C-B113-DFA5716FB30A}"
EndProject
Project("{2150E333-8FDC-42A3-9474-1A3956D46DE8}") = "Business", "Business", "{FC6D7A80-5F29-45EF-98E3-ED740A077281}"
EndProject
Project("{2150E333-8FDC-42A3-9474-1A3956D46DE8}") = "Data", "Data", "{3177FB36-9E26-46AF-9CA4-7F3308D9BF5B}"
EndProject
Project("{9A19103F-16F7-4668-BE54-9A1E7A4F7556}") = "DriveCentric.Data.DataRepository", "Data\DataRepository\DriveCentric.Data.DataRepository.csproj", "{AE28848D-5939-4451-8B7D-8885E867F5DC}"
EndProject
Project("{9A19103F-16F7-4668-BE54-9A1E7A4F7556}") = "DriveCentric.Core", "Model\DriveCentric.Core.csproj", "{CAD645BA-19E1-485A-87BA-2DC1346562B0}"
EndProject
Project("{9A19103F-16F7-4668-BE54-9A1E7A4F7556}") = "DriveCentric.Utilities", "Utilities\DriveCentric.Utilities.csproj", "{9FE9874A-C78E-4E11-8806-12F6C578BF7B}"
EndProject
Project("{2150E333-8FDC-42A3-9474-1A3956D46DE8}") = "Solution Items", "Solution Items", "{AAA44386-1F9A-4D87-B1E2-47BFABEDA1E2}"
	ProjectSection(SolutionItems) = preProject
		RuleSet.ruleset = RuleSet.ruleset
		TemplateService.zip = TemplateService.zip
	EndProjectSection
EndProject
Project("{2150E333-8FDC-42A3-9474-1A3956D46DE8}") = "Services", "Services", "{7309CAB3-7CE6-4E8B-A8DF-5AF484917734}"
EndProject
Project("{9A19103F-16F7-4668-BE54-9A1E7A4F7556}") = "DriveCentric.TaskService", "Services\DriveCentric.TaskService\DriveCentric.TaskService.csproj", "{17B7F37F-49D3-4682-88DA-E5C41074B80F}"
EndProject
Project("{9A19103F-16F7-4668-BE54-9A1E7A4F7556}") = "DriveCentric.BaseService", "Services\DriveCentric.BaseService\DriveCentric.BaseService.csproj", "{70662E69-08D8-45DB-B933-6543D4EA788C}"
EndProject
Project("{9A19103F-16F7-4668-BE54-9A1E7A4F7556}") = "DriveCentric.ModuleService", "Services\DriveCentric.ModuleService\DriveCentric.ModuleService.csproj", "{8F6B53BB-E64C-4E87-BBBA-37FF62C849F2}"
EndProject
Project("{9A19103F-16F7-4668-BE54-9A1E7A4F7556}") = "DriveCentric.BusinessLogic.CoreTests", "Business\BusinessLogic.CoreTests\DriveCentric.BusinessLogic.CoreTests.csproj", "{C32FFBA8-F410-49B2-B5DE-422F996651AF}"
EndProject
Project("{9A19103F-16F7-4668-BE54-9A1E7A4F7556}") = "DriveCentric.Data.SqlORM.CoreTests", "Data\SqlORM.CoreTests\DriveCentric.Data.SqlORM.CoreTests.csproj", "{44A7DFC5-EE0F-4604-AF11-4F2376155917}"
EndProject
Project("{9A19103F-16F7-4668-BE54-9A1E7A4F7556}") = "DriveCentric.Utilities.CoreTests", "Utilities.CoreTests\DriveCentric.Utilities.CoreTests.csproj", "{FD6CD3C2-93AB-4AB1-8A5D-4D7904C21E9A}"
EndProject
Project("{9A19103F-16F7-4668-BE54-9A1E7A4F7556}") = "DriveCentric.Services.Tests", "Services\DriveCentric.Services.Tests\DriveCentric.Services.Tests.csproj", "{6F765F5F-823E-466B-96F9-6338C80EC258}"
EndProject
Project("{2150E333-8FDC-42A3-9474-1A3956D46DE8}") = "AtlasTester", "AtlasTester", "{6AAA855A-ADED-4532-B96D-202850EFB5F1}"
EndProject
Project("{9A19103F-16F7-4668-BE54-9A1E7A4F7556}") = "AtlasTester", "AtlasTester\AtlasTester.csproj", "{AA6CEC92-7762-4D79-A4CE-1421F14C37ED}"
EndProject
Project("{FAE04EC0-301F-11D3-BF4B-00C04F79EFBC}") = "DriveCentric.CustomerService", "Customer\DriveCentric.CustomerService.csproj", "{15A593BA-DB7E-4B0A-B57F-D4294E71852C}"
EndProject
Global
	GlobalSection(SolutionConfigurationPlatforms) = preSolution
		Debug|Any CPU = Debug|Any CPU
		Release|Any CPU = Release|Any CPU
	EndGlobalSection
	GlobalSection(ProjectConfigurationPlatforms) = postSolution
		{AA686D30-FE8B-467C-B113-DFA5716FB30A}.Debug|Any CPU.ActiveCfg = Debug|Any CPU
		{AA686D30-FE8B-467C-B113-DFA5716FB30A}.Debug|Any CPU.Build.0 = Debug|Any CPU
		{AA686D30-FE8B-467C-B113-DFA5716FB30A}.Release|Any CPU.ActiveCfg = Release|Any CPU
		{AA686D30-FE8B-467C-B113-DFA5716FB30A}.Release|Any CPU.Build.0 = Release|Any CPU
		{AE28848D-5939-4451-8B7D-8885E867F5DC}.Debug|Any CPU.ActiveCfg = Debug|Any CPU
		{AE28848D-5939-4451-8B7D-8885E867F5DC}.Debug|Any CPU.Build.0 = Debug|Any CPU
		{AE28848D-5939-4451-8B7D-8885E867F5DC}.Release|Any CPU.ActiveCfg = Release|Any CPU
		{AE28848D-5939-4451-8B7D-8885E867F5DC}.Release|Any CPU.Build.0 = Release|Any CPU
		{CAD645BA-19E1-485A-87BA-2DC1346562B0}.Debug|Any CPU.ActiveCfg = Debug|Any CPU
		{CAD645BA-19E1-485A-87BA-2DC1346562B0}.Debug|Any CPU.Build.0 = Debug|Any CPU
		{CAD645BA-19E1-485A-87BA-2DC1346562B0}.Release|Any CPU.ActiveCfg = Release|Any CPU
		{CAD645BA-19E1-485A-87BA-2DC1346562B0}.Release|Any CPU.Build.0 = Release|Any CPU
		{9FE9874A-C78E-4E11-8806-12F6C578BF7B}.Debug|Any CPU.ActiveCfg = Debug|Any CPU
		{9FE9874A-C78E-4E11-8806-12F6C578BF7B}.Debug|Any CPU.Build.0 = Debug|Any CPU
		{9FE9874A-C78E-4E11-8806-12F6C578BF7B}.Release|Any CPU.ActiveCfg = Release|Any CPU
		{9FE9874A-C78E-4E11-8806-12F6C578BF7B}.Release|Any CPU.Build.0 = Release|Any CPU
		{17B7F37F-49D3-4682-88DA-E5C41074B80F}.Debug|Any CPU.ActiveCfg = Debug|Any CPU
		{17B7F37F-49D3-4682-88DA-E5C41074B80F}.Debug|Any CPU.Build.0 = Debug|Any CPU
		{17B7F37F-49D3-4682-88DA-E5C41074B80F}.Release|Any CPU.ActiveCfg = Release|Any CPU
		{17B7F37F-49D3-4682-88DA-E5C41074B80F}.Release|Any CPU.Build.0 = Release|Any CPU
		{70662E69-08D8-45DB-B933-6543D4EA788C}.Debug|Any CPU.ActiveCfg = Debug|Any CPU
		{70662E69-08D8-45DB-B933-6543D4EA788C}.Debug|Any CPU.Build.0 = Debug|Any CPU
		{70662E69-08D8-45DB-B933-6543D4EA788C}.Release|Any CPU.ActiveCfg = Release|Any CPU
		{70662E69-08D8-45DB-B933-6543D4EA788C}.Release|Any CPU.Build.0 = Release|Any CPU
		{8F6B53BB-E64C-4E87-BBBA-37FF62C849F2}.Debug|Any CPU.ActiveCfg = Debug|Any CPU
		{8F6B53BB-E64C-4E87-BBBA-37FF62C849F2}.Debug|Any CPU.Build.0 = Debug|Any CPU
		{8F6B53BB-E64C-4E87-BBBA-37FF62C849F2}.Release|Any CPU.ActiveCfg = Release|Any CPU
		{8F6B53BB-E64C-4E87-BBBA-37FF62C849F2}.Release|Any CPU.Build.0 = Release|Any CPU
		{C32FFBA8-F410-49B2-B5DE-422F996651AF}.Debug|Any CPU.ActiveCfg = Debug|Any CPU
		{C32FFBA8-F410-49B2-B5DE-422F996651AF}.Debug|Any CPU.Build.0 = Debug|Any CPU
		{C32FFBA8-F410-49B2-B5DE-422F996651AF}.Release|Any CPU.ActiveCfg = Release|Any CPU
		{C32FFBA8-F410-49B2-B5DE-422F996651AF}.Release|Any CPU.Build.0 = Release|Any CPU
		{44A7DFC5-EE0F-4604-AF11-4F2376155917}.Debug|Any CPU.ActiveCfg = Debug|Any CPU
		{44A7DFC5-EE0F-4604-AF11-4F2376155917}.Debug|Any CPU.Build.0 = Debug|Any CPU
		{44A7DFC5-EE0F-4604-AF11-4F2376155917}.Release|Any CPU.ActiveCfg = Release|Any CPU
		{44A7DFC5-EE0F-4604-AF11-4F2376155917}.Release|Any CPU.Build.0 = Release|Any CPU
		{FD6CD3C2-93AB-4AB1-8A5D-4D7904C21E9A}.Debug|Any CPU.ActiveCfg = Debug|Any CPU
		{FD6CD3C2-93AB-4AB1-8A5D-4D7904C21E9A}.Debug|Any CPU.Build.0 = Debug|Any CPU
		{FD6CD3C2-93AB-4AB1-8A5D-4D7904C21E9A}.Release|Any CPU.ActiveCfg = Release|Any CPU
		{FD6CD3C2-93AB-4AB1-8A5D-4D7904C21E9A}.Release|Any CPU.Build.0 = Release|Any CPU
		{6F765F5F-823E-466B-96F9-6338C80EC258}.Debug|Any CPU.ActiveCfg = Debug|Any CPU
		{6F765F5F-823E-466B-96F9-6338C80EC258}.Debug|Any CPU.Build.0 = Debug|Any CPU
		{6F765F5F-823E-466B-96F9-6338C80EC258}.Release|Any CPU.ActiveCfg = Release|Any CPU
		{6F765F5F-823E-466B-96F9-6338C80EC258}.Release|Any CPU.Build.0 = Release|Any CPU
		{AA6CEC92-7762-4D79-A4CE-1421F14C37ED}.Debug|Any CPU.ActiveCfg = Debug|Any CPU
		{AA6CEC92-7762-4D79-A4CE-1421F14C37ED}.Debug|Any CPU.Build.0 = Debug|Any CPU
		{AA6CEC92-7762-4D79-A4CE-1421F14C37ED}.Release|Any CPU.ActiveCfg = Release|Any CPU
		{AA6CEC92-7762-4D79-A4CE-1421F14C37ED}.Release|Any CPU.Build.0 = Release|Any CPU
		{15A593BA-DB7E-4B0A-B57F-D4294E71852C}.Debug|Any CPU.ActiveCfg = Debug|Any CPU
		{15A593BA-DB7E-4B0A-B57F-D4294E71852C}.Debug|Any CPU.Build.0 = Debug|Any CPU
		{15A593BA-DB7E-4B0A-B57F-D4294E71852C}.Release|Any CPU.ActiveCfg = Release|Any CPU
		{15A593BA-DB7E-4B0A-B57F-D4294E71852C}.Release|Any CPU.Build.0 = Release|Any CPU
	EndGlobalSection
	GlobalSection(SolutionProperties) = preSolution
		HideSolutionNode = FALSE
	EndGlobalSection
	GlobalSection(NestedProjects) = preSolution
		{AA686D30-FE8B-467C-B113-DFA5716FB30A} = {FC6D7A80-5F29-45EF-98E3-ED740A077281}
		{AE28848D-5939-4451-8B7D-8885E867F5DC} = {3177FB36-9E26-46AF-9CA4-7F3308D9BF5B}
		{17B7F37F-49D3-4682-88DA-E5C41074B80F} = {7309CAB3-7CE6-4E8B-A8DF-5AF484917734}
		{70662E69-08D8-45DB-B933-6543D4EA788C} = {7309CAB3-7CE6-4E8B-A8DF-5AF484917734}
		{8F6B53BB-E64C-4E87-BBBA-37FF62C849F2} = {7309CAB3-7CE6-4E8B-A8DF-5AF484917734}
		{C32FFBA8-F410-49B2-B5DE-422F996651AF} = {FC6D7A80-5F29-45EF-98E3-ED740A077281}
		{44A7DFC5-EE0F-4604-AF11-4F2376155917} = {3177FB36-9E26-46AF-9CA4-7F3308D9BF5B}
		{6F765F5F-823E-466B-96F9-6338C80EC258} = {7309CAB3-7CE6-4E8B-A8DF-5AF484917734}
		{AA6CEC92-7762-4D79-A4CE-1421F14C37ED} = {6AAA855A-ADED-4532-B96D-202850EFB5F1}
		{15A593BA-DB7E-4B0A-B57F-D4294E71852C} = {7309CAB3-7CE6-4E8B-A8DF-5AF484917734}
	EndGlobalSection
	GlobalSection(ExtensibilityGlobals) = postSolution
		SolutionGuid = {A3FE7591-A740-44F4-8D2F-E87940C4465C}
	EndGlobalSection
EndGlobal
